
Microsoft Visual Studio Solution File, Format Version 12.00
# Visual Studio 15
VisualStudioVersion = 15.0.27130.2010
MinimumVisualStudioVersion = 10.0.40219.1
Project("{FAE04EC0-301F-11D3-BF4B-00C04F79EFBC}") = "Detetive.Domain.Tests", "Detetive.Domain.Tests\Detetive.Domain.Tests.csproj", "{1625C854-0895-44C2-B320-88E968D23825}"
EndProject
Project("{FAE04EC0-301F-11D3-BF4B-00C04F79EFBC}") = "Detetive.Domain", "Detetive.Domain\Detetive.Domain.csproj", "{83405447-EF3E-4578-B606-FFB2F8D66B78}"
EndProject
Project("{2150E333-8FDC-42A3-9474-1A3956D46DE8}") = "_Docs", "_Docs", "{B1D29B02-D526-4880-B820-3BED2CF8285E}"
	ProjectSection(SolutionItems) = preProject
		Backlog.txt = Backlog.txt
	EndProjectSection
EndProject
Project("{2150E333-8FDC-42A3-9474-1A3956D46DE8}") = "Domain", "Domain", "{830652BE-5FDC-4188-A568-543533983DA9}"
EndProject
Project("{FAE04EC0-301F-11D3-BF4B-00C04F79EFBC}") = "Detetive.Infrastructure.Tests", "Detetive.Infrastructure.Tests\Detetive.Infrastructure.Tests.csproj", "{4F878118-C8A7-4244-82A3-9CE3128869D2}"
EndProject
Project("{2150E333-8FDC-42A3-9474-1A3956D46DE8}") = "Infrastructure", "Infrastructure", "{AC60F833-C813-4A73-B8AA-DDB9F6E42CFA}"
EndProject
Project("{FAE04EC0-301F-11D3-BF4B-00C04F79EFBC}") = "Detetive.Infrastructure", "Detetive.Infrastructure\Detetive.Infrastructure.csproj", "{BEA82F73-AE0B-4843-A9F5-DAE4F45B5946}"
EndProject
Project("{2150E333-8FDC-42A3-9474-1A3956D46DE8}") = "Presentation", "Presentation", "{47D2D008-016B-42BD-864A-7F168ED3222A}"
EndProject
Project("{2150E333-8FDC-42A3-9474-1A3956D46DE8}") = "Distributed Services", "Distributed Services", "{BC50A4F1-260E-4900-825B-0C8011E760DC}"
EndProject
Project("{9A19103F-16F7-4668-BE54-9A1E7A4F7556}") = "Detetive.WebAPI", "Detetive.WebAPI\Detetive.WebAPI.csproj", "{C24DF9F6-DBAC-4B79-A9BD-D32653B81B8B}"
EndProject
Project("{E24C65DC-7377-472B-9ABA-BC803B73C61A}") = "Detetive.SPA", "Detetive.SPA\", "{34C01F97-6F5D-477F-BC6F-8550EE8A3F14}"
	ProjectSection(WebsiteProperties) = preProject
		TargetFrameworkMoniker = ".NETFramework,Version%3Dv4.0"
		Debug.AspNetCompiler.VirtualPath = "/localhost_9304"
		Debug.AspNetCompiler.PhysicalPath = "Detetive.SPA\"
		Debug.AspNetCompiler.TargetPath = "PrecompiledWeb\localhost_9304\"
		Debug.AspNetCompiler.Updateable = "true"
		Debug.AspNetCompiler.ForceOverwrite = "true"
		Debug.AspNetCompiler.FixedNames = "false"
		Debug.AspNetCompiler.Debug = "True"
		Release.AspNetCompiler.VirtualPath = "/localhost_9304"
		Release.AspNetCompiler.PhysicalPath = "Detetive.SPA\"
		Release.AspNetCompiler.TargetPath = "PrecompiledWeb\localhost_9304\"
		Release.AspNetCompiler.Updateable = "true"
		Release.AspNetCompiler.ForceOverwrite = "true"
		Release.AspNetCompiler.FixedNames = "false"
		Release.AspNetCompiler.Debug = "False"
		VWDPort = "9304"
		SlnRelativePath = "Detetive.SPA\"
	EndProjectSection
EndProject
Project("{FAE04EC0-301F-11D3-BF4B-00C04F79EFBC}") = "Detetive.WebAPI.Tests", "Detetive.WebAPI.Tests\Detetive.WebAPI.Tests.csproj", "{6F146066-005F-4F3E-B5D7-FFD20648A4CB}"
EndProject
Global
	GlobalSection(SolutionConfigurationPlatforms) = preSolution
		Debug|Any CPU = Debug|Any CPU
		Release|Any CPU = Release|Any CPU
	EndGlobalSection
	GlobalSection(ProjectConfigurationPlatforms) = postSolution
		{1625C854-0895-44C2-B320-88E968D23825}.Debug|Any CPU.ActiveCfg = Debug|Any CPU
		{1625C854-0895-44C2-B320-88E968D23825}.Debug|Any CPU.Build.0 = Debug|Any CPU
		{1625C854-0895-44C2-B320-88E968D23825}.Release|Any CPU.ActiveCfg = Release|Any CPU
		{1625C854-0895-44C2-B320-88E968D23825}.Release|Any CPU.Build.0 = Release|Any CPU
		{83405447-EF3E-4578-B606-FFB2F8D66B78}.Debug|Any CPU.ActiveCfg = Debug|Any CPU
		{83405447-EF3E-4578-B606-FFB2F8D66B78}.Debug|Any CPU.Build.0 = Debug|Any CPU
		{83405447-EF3E-4578-B606-FFB2F8D66B78}.Release|Any CPU.ActiveCfg = Release|Any CPU
		{83405447-EF3E-4578-B606-FFB2F8D66B78}.Release|Any CPU.Build.0 = Release|Any CPU
		{4F878118-C8A7-4244-82A3-9CE3128869D2}.Debug|Any CPU.ActiveCfg = Debug|Any CPU
		{4F878118-C8A7-4244-82A3-9CE3128869D2}.Debug|Any CPU.Build.0 = Debug|Any CPU
		{4F878118-C8A7-4244-82A3-9CE3128869D2}.Release|Any CPU.ActiveCfg = Release|Any CPU
		{4F878118-C8A7-4244-82A3-9CE3128869D2}.Release|Any CPU.Build.0 = Release|Any CPU
		{BEA82F73-AE0B-4843-A9F5-DAE4F45B5946}.Debug|Any CPU.ActiveCfg = Debug|Any CPU
		{BEA82F73-AE0B-4843-A9F5-DAE4F45B5946}.Debug|Any CPU.Build.0 = Debug|Any CPU
		{BEA82F73-AE0B-4843-A9F5-DAE4F45B5946}.Release|Any CPU.ActiveCfg = Release|Any CPU
		{BEA82F73-AE0B-4843-A9F5-DAE4F45B5946}.Release|Any CPU.Build.0 = Release|Any CPU
		{C24DF9F6-DBAC-4B79-A9BD-D32653B81B8B}.Debug|Any CPU.ActiveCfg = Debug|Any CPU
		{C24DF9F6-DBAC-4B79-A9BD-D32653B81B8B}.Debug|Any CPU.Build.0 = Debug|Any CPU
		{C24DF9F6-DBAC-4B79-A9BD-D32653B81B8B}.Release|Any CPU.ActiveCfg = Release|Any CPU
		{C24DF9F6-DBAC-4B79-A9BD-D32653B81B8B}.Release|Any CPU.Build.0 = Release|Any CPU
		{34C01F97-6F5D-477F-BC6F-8550EE8A3F14}.Debug|Any CPU.ActiveCfg = Debug|Any CPU
		{34C01F97-6F5D-477F-BC6F-8550EE8A3F14}.Debug|Any CPU.Build.0 = Debug|Any CPU
		{34C01F97-6F5D-477F-BC6F-8550EE8A3F14}.Release|Any CPU.ActiveCfg = Debug|Any CPU
		{34C01F97-6F5D-477F-BC6F-8550EE8A3F14}.Release|Any CPU.Build.0 = Debug|Any CPU
		{6F146066-005F-4F3E-B5D7-FFD20648A4CB}.Debug|Any CPU.ActiveCfg = Debug|Any CPU
		{6F146066-005F-4F3E-B5D7-FFD20648A4CB}.Debug|Any CPU.Build.0 = Debug|Any CPU
		{6F146066-005F-4F3E-B5D7-FFD20648A4CB}.Release|Any CPU.ActiveCfg = Release|Any CPU
		{6F146066-005F-4F3E-B5D7-FFD20648A4CB}.Release|Any CPU.Build.0 = Release|Any CPU
	EndGlobalSection
	GlobalSection(SolutionProperties) = preSolution
		HideSolutionNode = FALSE
	EndGlobalSection
	GlobalSection(NestedProjects) = preSolution
		{1625C854-0895-44C2-B320-88E968D23825} = {830652BE-5FDC-4188-A568-543533983DA9}
		{83405447-EF3E-4578-B606-FFB2F8D66B78} = {830652BE-5FDC-4188-A568-543533983DA9}
		{4F878118-C8A7-4244-82A3-9CE3128869D2} = {AC60F833-C813-4A73-B8AA-DDB9F6E42CFA}
		{BEA82F73-AE0B-4843-A9F5-DAE4F45B5946} = {AC60F833-C813-4A73-B8AA-DDB9F6E42CFA}
		{C24DF9F6-DBAC-4B79-A9BD-D32653B81B8B} = {BC50A4F1-260E-4900-825B-0C8011E760DC}
		{34C01F97-6F5D-477F-BC6F-8550EE8A3F14} = {47D2D008-016B-42BD-864A-7F168ED3222A}
		{6F146066-005F-4F3E-B5D7-FFD20648A4CB} = {BC50A4F1-260E-4900-825B-0C8011E760DC}
	EndGlobalSection
	GlobalSection(ExtensibilityGlobals) = postSolution
		SolutionGuid = {E55BECB9-4DF8-4D2F-A06B-A0DE2A10BE29}
	EndGlobalSection
EndGlobal
